// !$*UTF8*$!
{
	archiveVersion = 1;
	classes = {
	};
	objectVersion = 50;
	objects = {

/* Begin PBXBuildFile section */
		E3406FE226A6DC2C0005DBCE /* Game.swift in Sources */ = {isa = PBXBuildFile; fileRef = E3406FE126A6DC2C0005DBCE /* Game.swift */; };
		E3480F442677B30900078CEC /* Tests_iOS.swift in Sources */ = {isa = PBXBuildFile; fileRef = E3480F432677B30900078CEC /* Tests_iOS.swift */; };
		E3480F4F2677B30900078CEC /* Tests_macOS.swift in Sources */ = {isa = PBXBuildFile; fileRef = E3480F4E2677B30900078CEC /* Tests_macOS.swift */; };
		E3480F512677B30900078CEC /* BullseyeApp.swift in Sources */ = {isa = PBXBuildFile; fileRef = E3480F282677B30600078CEC /* BullseyeApp.swift */; };
		E3480F522677B30900078CEC /* BullseyeApp.swift in Sources */ = {isa = PBXBuildFile; fileRef = E3480F282677B30600078CEC /* BullseyeApp.swift */; };
		E3480F532677B30900078CEC /* ContentView.swift in Sources */ = {isa = PBXBuildFile; fileRef = E3480F292677B30600078CEC /* ContentView.swift */; };
		E3480F542677B30900078CEC /* ContentView.swift in Sources */ = {isa = PBXBuildFile; fileRef = E3480F292677B30600078CEC /* ContentView.swift */; };
		E3480F552677B30900078CEC /* Assets.xcassets in Resources */ = {isa = PBXBuildFile; fileRef = E3480F2A2677B30900078CEC /* Assets.xcassets */; };
		E3480F562677B30900078CEC /* Assets.xcassets in Resources */ = {isa = PBXBuildFile; fileRef = E3480F2A2677B30900078CEC /* Assets.xcassets */; };
/* End PBXBuildFile section */

/* Begin PBXContainerItemProxy section */
		E3480F402677B30900078CEC /* PBXContainerItemProxy */ = {
			isa = PBXContainerItemProxy;
			containerPortal = E3480F232677B30600078CEC /* Project object */;
			proxyType = 1;
			remoteGlobalIDString = E3480F2E2677B30900078CEC;
			remoteInfo = "Bullseye (iOS)";
		};
		E3480F4B2677B30900078CEC /* PBXContainerItemProxy */ = {
			isa = PBXContainerItemProxy;
			containerPortal = E3480F232677B30600078CEC /* Project object */;
			proxyType = 1;
			remoteGlobalIDString = E3480F362677B30900078CEC;
			remoteInfo = "Bullseye (macOS)";
		};
/* End PBXContainerItemProxy section */

/* Begin PBXFileReference section */
		E3406FE126A6DC2C0005DBCE /* Game.swift */ = {isa = PBXFileReference; lastKnownFileType = sourcecode.swift; path = Game.swift; sourceTree = "<group>"; };
		E3480F282677B30600078CEC /* BullseyeApp.swift */ = {isa = PBXFileReference; lastKnownFileType = sourcecode.swift; path = BullseyeApp.swift; sourceTree = "<group>"; };
		E3480F292677B30600078CEC /* ContentView.swift */ = {isa = PBXFileReference; lastKnownFileType = sourcecode.swift; path = ContentView.swift; sourceTree = "<group>"; };
		E3480F2A2677B30900078CEC /* Assets.xcassets */ = {isa = PBXFileReference; lastKnownFileType = folder.assetcatalog; path = Assets.xcassets; sourceTree = "<group>"; };
		E3480F2F2677B30900078CEC /* Bullseye.app */ = {isa = PBXFileReference; explicitFileType = wrapper.application; includeInIndex = 0; path = Bullseye.app; sourceTree = BUILT_PRODUCTS_DIR; };
		E3480F322677B30900078CEC /* Info.plist */ = {isa = PBXFileReference; lastKnownFileType = text.plist.xml; path = Info.plist; sourceTree = "<group>"; };
		E3480F372677B30900078CEC /* Bullseye.app */ = {isa = PBXFileReference; explicitFileType = wrapper.application; includeInIndex = 0; path = Bullseye.app; sourceTree = BUILT_PRODUCTS_DIR; };
		E3480F392677B30900078CEC /* Info.plist */ = {isa = PBXFileReference; lastKnownFileType = text.plist.xml; path = Info.plist; sourceTree = "<group>"; };
		E3480F3A2677B30900078CEC /* macOS.entitlements */ = {isa = PBXFileReference; lastKnownFileType = text.plist.entitlements; path = macOS.entitlements; sourceTree = "<group>"; };
		E3480F3F2677B30900078CEC /* Tests iOS.xctest */ = {isa = PBXFileReference; explicitFileType = wrapper.cfbundle; includeInIndex = 0; path = "Tests iOS.xctest"; sourceTree = BUILT_PRODUCTS_DIR; };
		E3480F432677B30900078CEC /* Tests_iOS.swift */ = {isa = PBXFileReference; lastKnownFileType = sourcecode.swift; path = Tests_iOS.swift; sourceTree = "<group>"; };
		E3480F452677B30900078CEC /* Info.plist */ = {isa = PBXFileReference; lastKnownFileType = text.plist.xml; path = Info.plist; sourceTree = "<group>"; };
		E3480F4A2677B30900078CEC /* Tests macOS.xctest */ = {isa = PBXFileReference; explicitFileType = wrapper.cfbundle; includeInIndex = 0; path = "Tests macOS.xctest"; sourceTree = BUILT_PRODUCTS_DIR; };
		E3480F4E2677B30900078CEC /* Tests_macOS.swift */ = {isa = PBXFileReference; lastKnownFileType = sourcecode.swift; path = Tests_macOS.swift; sourceTree = "<group>"; };
		E3480F502677B30900078CEC /* Info.plist */ = {isa = PBXFileReference; lastKnownFileType = text.plist.xml; path = Info.plist; sourceTree = "<group>"; };
/* End PBXFileReference section */

/* Begin PBXFrameworksBuildPhase section */
		E3480F2C2677B30900078CEC /* Frameworks */ = {
			isa = PBXFrameworksBuildPhase;
			buildActionMask = 2147483647;
			files = (
			);
			runOnlyForDeploymentPostprocessing = 0;
		};
		E3480F342677B30900078CEC /* Frameworks */ = {
			isa = PBXFrameworksBuildPhase;
			buildActionMask = 2147483647;
			files = (
			);
			runOnlyForDeploymentPostprocessing = 0;
		};
		E3480F3C2677B30900078CEC /* Frameworks */ = {
			isa = PBXFrameworksBuildPhase;
			buildActionMask = 2147483647;
			files = (
			);
			runOnlyForDeploymentPostprocessing = 0;
		};
		E3480F472677B30900078CEC /* Frameworks */ = {
			isa = PBXFrameworksBuildPhase;
			buildActionMask = 2147483647;
			files = (
			);
			runOnlyForDeploymentPostprocessing = 0;
		};
/* End PBXFrameworksBuildPhase section */

/* Begin PBXGroup section */
		E3406FDD26A6DA670005DBCE /* Bullseye */ = {
			isa = PBXGroup;
			children = (
				E3406FE026A6DAD10005DBCE /* App */,
				E3406FDF26A6DA9F0005DBCE /* Views */,
				E3406FDE26A6DA720005DBCE /* Models */,
			);
			path = Bullseye;
			sourceTree = "<group>";
		};
		E3406FDE26A6DA720005DBCE /* Models */ = {
			isa = PBXGroup;
			children = (
				E3406FE126A6DC2C0005DBCE /* Game.swift */,
			);
			path = Models;
			sourceTree = "<group>";
		};
		E3406FDF26A6DA9F0005DBCE /* Views */ = {
			isa = PBXGroup;
			children = (
				E3480F292677B30600078CEC /* ContentView.swift */,
			);
			path = Views;
			sourceTree = "<group>";
		};
		E3406FE026A6DAD10005DBCE /* App */ = {
			isa = PBXGroup;
			children = (
				E3480F282677B30600078CEC /* BullseyeApp.swift */,
				E3480F2A2677B30900078CEC /* Assets.xcassets */,
			);
			path = App;
			sourceTree = "<group>";
		};
		E3480F222677B30600078CEC = {
			isa = PBXGroup;
			children = (
				E3406FDD26A6DA670005DBCE /* Bullseye */,
				E3480F272677B30600078CEC /* Shared */,
				E3480F312677B30900078CEC /* iOS */,
				E3480F382677B30900078CEC /* macOS */,
				E3480F422677B30900078CEC /* Tests iOS */,
				E3480F4D2677B30900078CEC /* Tests macOS */,
				E3480F302677B30900078CEC /* Products */,
			);
			sourceTree = "<group>";
		};
		E3480F272677B30600078CEC /* Shared */ = {
			isa = PBXGroup;
			children = (
			);
			path = Shared;
			sourceTree = "<group>";
		};
		E3480F302677B30900078CEC /* Products */ = {
			isa = PBXGroup;
			children = (
				E3480F2F2677B30900078CEC /* Bullseye.app */,
				E3480F372677B30900078CEC /* Bullseye.app */,
				E3480F3F2677B30900078CEC /* Tests iOS.xctest */,
				E3480F4A2677B30900078CEC /* Tests macOS.xctest */,
			);
			name = Products;
			sourceTree = "<group>";
		};
		E3480F312677B30900078CEC /* iOS */ = {
			isa = PBXGroup;
			children = (
				E3480F322677B30900078CEC /* Info.plist */,
			);
			path = iOS;
			sourceTree = "<group>";
		};
		E3480F382677B30900078CEC /* macOS */ = {
			isa = PBXGroup;
			children = (
				E3480F392677B30900078CEC /* Info.plist */,
				E3480F3A2677B30900078CEC /* macOS.entitlements */,
			);
			path = macOS;
			sourceTree = "<group>";
		};
		E3480F422677B30900078CEC /* Tests iOS */ = {
			isa = PBXGroup;
			children = (
				E3480F432677B30900078CEC /* Tests_iOS.swift */,
				E3480F452677B30900078CEC /* Info.plist */,
			);
			path = "Tests iOS";
			sourceTree = "<group>";
		};
		E3480F4D2677B30900078CEC /* Tests macOS */ = {
			isa = PBXGroup;
			children = (
				E3480F4E2677B30900078CEC /* Tests_macOS.swift */,
				E3480F502677B30900078CEC /* Info.plist */,
			);
			path = "Tests macOS";
			sourceTree = "<group>";
		};
/* End PBXGroup section */

/* Begin PBXNativeTarget section */
		E3480F2E2677B30900078CEC /* Bullseye (iOS) */ = {
			isa = PBXNativeTarget;
			buildConfigurationList = E3480F592677B30900078CEC /* Build configuration list for PBXNativeTarget "Bullseye (iOS)" */;
			buildPhases = (
				E3480F2B2677B30900078CEC /* Sources */,
				E3480F2C2677B30900078CEC /* Frameworks */,
				E3480F2D2677B30900078CEC /* Resources */,
			);
			buildRules = (
			);
			dependencies = (
			);
			name = "Bullseye (iOS)";
			productName = "Bullseye (iOS)";
			productReference = E3480F2F2677B30900078CEC /* Bullseye.app */;
			productType = "com.apple.product-type.application";
		};
		E3480F362677B30900078CEC /* Bullseye (macOS) */ = {
			isa = PBXNativeTarget;
			buildConfigurationList = E3480F5C2677B30900078CEC /* Build configuration list for PBXNativeTarget "Bullseye (macOS)" */;
			buildPhases = (
				E3480F332677B30900078CEC /* Sources */,
				E3480F342677B30900078CEC /* Frameworks */,
				E3480F352677B30900078CEC /* Resources */,
			);
			buildRules = (
			);
			dependencies = (
			);
			name = "Bullseye (macOS)";
			productName = "Bullseye (macOS)";
			productReference = E3480F372677B30900078CEC /* Bullseye.app */;
			productType = "com.apple.product-type.application";
		};
		E3480F3E2677B30900078CEC /* Tests iOS */ = {
			isa = PBXNativeTarget;
			buildConfigurationList = E3480F5F2677B30900078CEC /* Build configuration list for PBXNativeTarget "Tests iOS" */;
			buildPhases = (
				E3480F3B2677B30900078CEC /* Sources */,
				E3480F3C2677B30900078CEC /* Frameworks */,
				E3480F3D2677B30900078CEC /* Resources */,
			);
			buildRules = (
			);
			dependencies = (
				E3480F412677B30900078CEC /* PBXTargetDependency */,
			);
			name = "Tests iOS";
			productName = "Tests iOS";
			productReference = E3480F3F2677B30900078CEC /* Tests iOS.xctest */;
			productType = "com.apple.product-type.bundle.ui-testing";
		};
		E3480F492677B30900078CEC /* Tests macOS */ = {
			isa = PBXNativeTarget;
			buildConfigurationList = E3480F622677B30900078CEC /* Build configuration list for PBXNativeTarget "Tests macOS" */;
			buildPhases = (
				E3480F462677B30900078CEC /* Sources */,
				E3480F472677B30900078CEC /* Frameworks */,
				E3480F482677B30900078CEC /* Resources */,
			);
			buildRules = (
			);
			dependencies = (
				E3480F4C2677B30900078CEC /* PBXTargetDependency */,
			);
			name = "Tests macOS";
			productName = "Tests macOS";
			productReference = E3480F4A2677B30900078CEC /* Tests macOS.xctest */;
			productType = "com.apple.product-type.bundle.ui-testing";
		};
/* End PBXNativeTarget section */

/* Begin PBXProject section */
		E3480F232677B30600078CEC /* Project object */ = {
			isa = PBXProject;
			attributes = {
				LastSwiftUpdateCheck = 1250;
				LastUpgradeCheck = 1250;
				TargetAttributes = {
					E3480F2E2677B30900078CEC = {
						CreatedOnToolsVersion = 12.5;
					};
					E3480F362677B30900078CEC = {
						CreatedOnToolsVersion = 12.5;
					};
					E3480F3E2677B30900078CEC = {
						CreatedOnToolsVersion = 12.5;
						TestTargetID = E3480F2E2677B30900078CEC;
					};
					E3480F492677B30900078CEC = {
						CreatedOnToolsVersion = 12.5;
						TestTargetID = E3480F362677B30900078CEC;
					};
				};
			};
			buildConfigurationList = E3480F262677B30600078CEC /* Build configuration list for PBXProject "Bullseye" */;
			compatibilityVersion = "Xcode 9.3";
			developmentRegion = en;
			hasScannedForEncodings = 0;
			knownRegions = (
				en,
				Base,
			);
			mainGroup = E3480F222677B30600078CEC;
			productRefGroup = E3480F302677B30900078CEC /* Products */;
			projectDirPath = "";
			projectRoot = "";
			targets = (
				E3480F2E2677B30900078CEC /* Bullseye (iOS) */,
				E3480F362677B30900078CEC /* Bullseye (macOS) */,
				E3480F3E2677B30900078CEC /* Tests iOS */,
				E3480F492677B30900078CEC /* Tests macOS */,
			);
		};
/* End PBXProject section */

/* Begin PBXResourcesBuildPhase section */
		E3480F2D2677B30900078CEC /* Resources */ = {
			isa = PBXResourcesBuildPhase;
			buildActionMask = 2147483647;
			files = (
				E3480F552677B30900078CEC /* Assets.xcassets in Resources */,
			);
			runOnlyForDeploymentPostprocessing = 0;
		};
		E3480F352677B30900078CEC /* Resources */ = {
			isa = PBXResourcesBuildPhase;
			buildActionMask = 2147483647;
			files = (
				E3480F562677B30900078CEC /* Assets.xcassets in Resources */,
			);
			runOnlyForDeploymentPostprocessing = 0;
		};
		E3480F3D2677B30900078CEC /* Resources */ = {
			isa = PBXResourcesBuildPhase;
			buildActionMask = 2147483647;
			files = (
			);
			runOnlyForDeploymentPostprocessing = 0;
		};
		E3480F482677B30900078CEC /* Resources */ = {
			isa = PBXResourcesBuildPhase;
			buildActionMask = 2147483647;
			files = (
			);
			runOnlyForDeploymentPostprocessing = 0;
		};
/* End PBXResourcesBuildPhase section */

/* Begin PBXSourcesBuildPhase section */
		E3480F2B2677B30900078CEC /* Sources */ = {
			isa = PBXSourcesBuildPhase;
			buildActionMask = 2147483647;
			files = (
				E3480F532677B30900078CEC /* ContentView.swift in Sources */,
				E3406FE226A6DC2C0005DBCE /* Game.swift in Sources */,
				E3480F512677B30900078CEC /* BullseyeApp.swift in Sources */,
			);
			runOnlyForDeploymentPostprocessing = 0;
		};
		E3480F332677B30900078CEC /* Sources */ = {
			isa = PBXSourcesBuildPhase;
			buildActionMask = 2147483647;
			files = (
				E3480F542677B30900078CEC /* ContentView.swift in Sources */,
				E3480F522677B30900078CEC /* BullseyeApp.swift in Sources */,
			);
			runOnlyForDeploymentPostprocessing = 0;
		};
		E3480F3B2677B30900078CEC /* Sources */ = {
			isa = PBXSourcesBuildPhase;
			buildActionMask = 2147483647;
			files = (
				E3480F442677B30900078CEC /* Tests_iOS.swift in Sources */,
			);
			runOnlyForDeploymentPostprocessing = 0;
		};
		E3480F462677B30900078CEC /* Sources */ = {
			isa = PBXSourcesBuildPhase;
			buildActionMask = 2147483647;
			files = (
				E3480F4F2677B30900078CEC /* Tests_macOS.swift in Sources */,
			);
			runOnlyForDeploymentPostprocessing = 0;
		};
/* End PBXSourcesBuildPhase section */

/* Begin PBXTargetDependency section */
		E3480F412677B30900078CEC /* PBXTargetDependency */ = {
			isa = PBXTargetDependency;
			target = E3480F2E2677B30900078CEC /* Bullseye (iOS) */;
			targetProxy = E3480F402677B30900078CEC /* PBXContainerItemProxy */;
		};
		E3480F4C2677B30900078CEC /* PBXTargetDependency */ = {
			isa = PBXTargetDependency;
			target = E3480F362677B30900078CEC /* Bullseye (macOS) */;
			targetProxy = E3480F4B2677B30900078CEC /* PBXContainerItemProxy */;
		};
/* End PBXTargetDependency section */

/* Begin XCBuildConfiguration section */
		E3480F572677B30900078CEC /* Debug */ = {
			isa = XCBuildConfiguration;
			buildSettings = {
				ALWAYS_SEARCH_USER_PATHS = NO;
				CLANG_ANALYZER_NONNULL = YES;
				CLANG_ANALYZER_NUMBER_OBJECT_CONVERSION = YES_AGGRESSIVE;
				CLANG_CXX_LANGUAGE_STANDARD = "gnu++14";
				CLANG_CXX_LIBRARY = "libc++";
				CLANG_ENABLE_MODULES = YES;
				CLANG_ENABLE_OBJC_ARC = YES;
				CLANG_ENABLE_OBJC_WEAK = YES;
				CLANG_WARN_BLOCK_CAPTURE_AUTORELEASING = YES;
				CLANG_WARN_BOOL_CONVERSION = YES;
				CLANG_WARN_COMMA = YES;
				CLANG_WARN_CONSTANT_CONVERSION = YES;
				CLANG_WARN_DEPRECATED_OBJC_IMPLEMENTATIONS = YES;
				CLANG_WARN_DIRECT_OBJC_ISA_USAGE = YES_ERROR;
				CLANG_WARN_DOCUMENTATION_COMMENTS = YES;
				CLANG_WARN_EMPTY_BODY = YES;
				CLANG_WARN_ENUM_CONVERSION = YES;
				CLANG_WARN_INFINITE_RECURSION = YES;
				CLANG_WARN_INT_CONVERSION = YES;
				CLANG_WARN_NON_LITERAL_NULL_CONVERSION = YES;
				CLANG_WARN_OBJC_IMPLICIT_RETAIN_SELF = YES;
				CLANG_WARN_OBJC_LITERAL_CONVERSION = YES;
				CLANG_WARN_OBJC_ROOT_CLASS = YES_ERROR;
				CLANG_WARN_QUOTED_INCLUDE_IN_FRAMEWORK_HEADER = YES;
				CLANG_WARN_RANGE_LOOP_ANALYSIS = YES;
				CLANG_WARN_STRICT_PROTOTYPES = YES;
				CLANG_WARN_SUSPICIOUS_MOVE = YES;
				CLANG_WARN_UNGUARDED_AVAILABILITY = YES_AGGRESSIVE;
				CLANG_WARN_UNREACHABLE_CODE = YES;
				CLANG_WARN__DUPLICATE_METHOD_MATCH = YES;
				COPY_PHASE_STRIP = NO;
				DEBUG_INFORMATION_FORMAT = dwarf;
				ENABLE_STRICT_OBJC_MSGSEND = YES;
				ENABLE_TESTABILITY = YES;
				GCC_C_LANGUAGE_STANDARD = gnu11;
				GCC_DYNAMIC_NO_PIC = NO;
				GCC_NO_COMMON_BLOCKS = YES;
				GCC_OPTIMIZATION_LEVEL = 0;
				GCC_PREPROCESSOR_DEFINITIONS = (
					"DEBUG=1",
					"$(inherited)",
				);
				GCC_WARN_64_TO_32_BIT_CONVERSION = YES;
				GCC_WARN_ABOUT_RETURN_TYPE = YES_ERROR;
				GCC_WARN_UNDECLARED_SELECTOR = YES;
				GCC_WARN_UNINITIALIZED_AUTOS = YES_AGGRESSIVE;
				GCC_WARN_UNUSED_FUNCTION = YES;
				GCC_WARN_UNUSED_VARIABLE = YES;
				MTL_ENABLE_DEBUG_INFO = INCLUDE_SOURCE;
				MTL_FAST_MATH = YES;
				ONLY_ACTIVE_ARCH = YES;
				SWIFT_ACTIVE_COMPILATION_CONDITIONS = DEBUG;
				SWIFT_OPTIMIZATION_LEVEL = "-Onone";
			};
			name = Debug;
		};
		E3480F582677B30900078CEC /* Release */ = {
			isa = XCBuildConfiguration;
			buildSettings = {
				ALWAYS_SEARCH_USER_PATHS = NO;
				CLANG_ANALYZER_NONNULL = YES;
				CLANG_ANALYZER_NUMBER_OBJECT_CONVERSION = YES_AGGRESSIVE;
				CLANG_CXX_LANGUAGE_STANDARD = "gnu++14";
				CLANG_CXX_LIBRARY = "libc++";
				CLANG_ENABLE_MODULES = YES;
				CLANG_ENABLE_OBJC_ARC = YES;
				CLANG_ENABLE_OBJC_WEAK = YES;
				CLANG_WARN_BLOCK_CAPTURE_AUTORELEASING = YES;
				CLANG_WARN_BOOL_CONVERSION = YES;
				CLANG_WARN_COMMA = YES;
				CLANG_WARN_CONSTANT_CONVERSION = YES;
				CLANG_WARN_DEPRECATED_OBJC_IMPLEMENTATIONS = YES;
				CLANG_WARN_DIRECT_OBJC_ISA_USAGE = YES_ERROR;
				CLANG_WARN_DOCUMENTATION_COMMENTS = YES;
				CLANG_WARN_EMPTY_BODY = YES;
				CLANG_WARN_ENUM_CONVERSION = YES;
				CLANG_WARN_INFINITE_RECURSION = YES;
				CLANG_WARN_INT_CONVERSION = YES;
				CLANG_WARN_NON_LITERAL_NULL_CONVERSION = YES;
				CLANG_WARN_OBJC_IMPLICIT_RETAIN_SELF = YES;
				CLANG_WARN_OBJC_LITERAL_CONVERSION = YES;
				CLANG_WARN_OBJC_ROOT_CLASS = YES_ERROR;
				CLANG_WARN_QUOTED_INCLUDE_IN_FRAMEWORK_HEADER = YES;
				CLANG_WARN_RANGE_LOOP_ANALYSIS = YES;
				CLANG_WARN_STRICT_PROTOTYPES = YES;
				CLANG_WARN_SUSPICIOUS_MOVE = YES;
				CLANG_WARN_UNGUARDED_AVAILABILITY = YES_AGGRESSIVE;
				CLANG_WARN_UNREACHABLE_CODE = YES;
				CLANG_WARN__DUPLICATE_METHOD_MATCH = YES;
				COPY_PHASE_STRIP = NO;
				DEBUG_INFORMATION_FORMAT = "dwarf-with-dsym";
				ENABLE_NS_ASSERTIONS = NO;
				ENABLE_STRICT_OBJC_MSGSEND = YES;
				GCC_C_LANGUAGE_STANDARD = gnu11;
				GCC_NO_COMMON_BLOCKS = YES;
				GCC_WARN_64_TO_32_BIT_CONVERSION = YES;
				GCC_WARN_ABOUT_RETURN_TYPE = YES_ERROR;
				GCC_WARN_UNDECLARED_SELECTOR = YES;
				GCC_WARN_UNINITIALIZED_AUTOS = YES_AGGRESSIVE;
				GCC_WARN_UNUSED_FUNCTION = YES;
				GCC_WARN_UNUSED_VARIABLE = YES;
				MTL_ENABLE_DEBUG_INFO = NO;
				MTL_FAST_MATH = YES;
				SWIFT_COMPILATION_MODE = wholemodule;
				SWIFT_OPTIMIZATION_LEVEL = "-O";
			};
			name = Release;
		};
		E3480F5A2677B30900078CEC /* Debug */ = {
			isa = XCBuildConfiguration;
			buildSettings = {
				ASSETCATALOG_COMPILER_APPICON_NAME = AppIcon;
				ASSETCATALOG_COMPILER_GLOBAL_ACCENT_COLOR_NAME = AccentColor;
				CODE_SIGN_STYLE = Automatic;
				ENABLE_PREVIEWS = YES;
				INFOPLIST_FILE = iOS/Info.plist;
				IPHONEOS_DEPLOYMENT_TARGET = 14.0;
				LD_RUNPATH_SEARCH_PATHS = (
					"$(inherited)",
					"@executable_path/Frameworks",
				);
				PRODUCT_BUNDLE_IDENTIFIER = comp.Guinther.Bullseye;
				PRODUCT_NAME = Bullseye;
				SDKROOT = iphoneos;
				SWIFT_VERSION = 5.0;
				TARGETED_DEVICE_FAMILY = "1,2";
			};
			name = Debug;
		};
		E3480F5B2677B30900078CEC /* Release */ = {
			isa = XCBuildConfiguration;
			buildSettings = {
				ASSETCATALOG_COMPILER_APPICON_NAME = AppIcon;
				ASSETCATALOG_COMPILER_GLOBAL_ACCENT_COLOR_NAME = AccentColor;
				CODE_SIGN_STYLE = Automatic;
				ENABLE_PREVIEWS = YES;
				INFOPLIST_FILE = iOS/Info.plist;
				IPHONEOS_DEPLOYMENT_TARGET = 14.0;
				LD_RUNPATH_SEARCH_PATHS = (
					"$(inherited)",
					"@executable_path/Frameworks",
				);
				PRODUCT_BUNDLE_IDENTIFIER = comp.Guinther.Bullseye;
				PRODUCT_NAME = Bullseye;
				SDKROOT = iphoneos;
				SWIFT_VERSION = 5.0;
				TARGETED_DEVICE_FAMILY = "1,2";
				VALIDATE_PRODUCT = YES;
			};
			name = Release;
		};
		E3480F5D2677B30900078CEC /* Debug */ = {
			isa = XCBuildConfiguration;
			buildSettings = {
				ASSETCATALOG_COMPILER_APPICON_NAME = AppIcon;
				ASSETCATALOG_COMPILER_GLOBAL_ACCENT_COLOR_NAME = AccentColor;
				CODE_SIGN_ENTITLEMENTS = macOS/macOS.entitlements;
				CODE_SIGN_STYLE = Automatic;
				COMBINE_HIDPI_IMAGES = YES;
				ENABLE_PREVIEWS = YES;
				INFOPLIST_FILE = macOS/Info.plist;
				LD_RUNPATH_SEARCH_PATHS = (
					"$(inherited)",
					"@executable_path/../Frameworks",
				);
				MACOSX_DEPLOYMENT_TARGET = 11.0;
				PRODUCT_BUNDLE_IDENTIFIER = comp.Guinther.Bullseye;
				PRODUCT_NAME = Bullseye;
				SDKROOT = macosx;
				SWIFT_VERSION = 5.0;
			};
			name = Debug;
		};
		E3480F5E2677B30900078CEC /* Release */ = {
			isa = XCBuildConfiguration;
			buildSettings = {
				ASSETCATALOG_COMPILER_APPICON_NAME = AppIcon;
				ASSETCATALOG_COMPILER_GLOBAL_ACCENT_COLOR_NAME = AccentColor;
				CODE_SIGN_ENTITLEMENTS = macOS/macOS.entitlements;
				CODE_SIGN_STYLE = Automatic;
				COMBINE_HIDPI_IMAGES = YES;
				ENABLE_PREVIEWS = YES;
				INFOPLIST_FILE = macOS/Info.plist;
				LD_RUNPATH_SEARCH_PATHS = (
					"$(inherited)",
					"@executable_path/../Frameworks",
				);
				MACOSX_DEPLOYMENT_TARGET = 11.0;
				PRODUCT_BUNDLE_IDENTIFIER = comp.Guinther.Bullseye;
				PRODUCT_NAME = Bullseye;
				SDKROOT = macosx;
				SWIFT_VERSION = 5.0;
			};
			name = Release;
		};
		E3480F602677B30900078CEC /* Debug */ = {
			isa = XCBuildConfiguration;
			buildSettings = {
				ALWAYS_EMBED_SWIFT_STANDARD_LIBRARIES = YES;
				CODE_SIGN_STYLE = Automatic;
				INFOPLIST_FILE = "Tests iOS/Info.plist";
				IPHONEOS_DEPLOYMENT_TARGET = 14.5;
				LD_RUNPATH_SEARCH_PATHS = (
					"$(inherited)",
					"@executable_path/Frameworks",
					"@loader_path/Frameworks",
				);
				PRODUCT_BUNDLE_IDENTIFIER = "comp.Guinther.Tests-iOS";
				PRODUCT_NAME = "$(TARGET_NAME)";
				SDKROOT = iphoneos;
				SWIFT_VERSION = 5.0;
				TARGETED_DEVICE_FAMILY = "1,2";
				TEST_TARGET_NAME = "Bullseye (iOS)";
			};
			name = Debug;
		};
		E3480F612677B30900078CEC /* Release */ = {
			isa = XCBuildConfiguration;
			buildSettings = {
				ALWAYS_EMBED_SWIFT_STANDARD_LIBRARIES = YES;
				CODE_SIGN_STYLE = Automatic;
				INFOPLIST_FILE = "Tests iOS/Info.plist";
				IPHONEOS_DEPLOYMENT_TARGET = 14.5;
				LD_RUNPATH_SEARCH_PATHS = (
					"$(inherited)",
					"@executable_path/Frameworks",
					"@loader_path/Frameworks",
				);
				PRODUCT_BUNDLE_IDENTIFIER = "comp.Guinther.Tests-iOS";
				PRODUCT_NAME = "$(TARGET_NAME)";
				SDKROOT = iphoneos;
				SWIFT_VERSION = 5.0;
				TARGETED_DEVICE_FAMILY = "1,2";
				TEST_TARGET_NAME = "Bullseye (iOS)";
				VALIDATE_PRODUCT = YES;
			};
			name = Release;
		};
		E3480F632677B30900078CEC /* Debug */ = {
			isa = XCBuildConfiguration;
			buildSettings = {
				ALWAYS_EMBED_SWIFT_STANDARD_LIBRARIES = YES;
				CODE_SIGN_STYLE = Automatic;
				COMBINE_HIDPI_IMAGES = YES;
				INFOPLIST_FILE = "Tests macOS/Info.plist";
				LD_RUNPATH_SEARCH_PATHS = (
					"$(inherited)",
					"@executable_path/../Frameworks",
					"@loader_path/../Frameworks",
				);
				MACOSX_DEPLOYMENT_TARGET = 11.3;
				PRODUCT_BUNDLE_IDENTIFIER = "comp.Guinther.Tests-macOS";
				PRODUCT_NAME = "$(TARGET_NAME)";
				SDKROOT = macosx;
				SWIFT_VERSION = 5.0;
				TEST_TARGET_NAME = "Bullseye (macOS)";
			};
			name = Debug;
		};
		E3480F642677B30900078CEC /* Release */ = {
			isa = XCBuildConfiguration;
			buildSettings = {
				ALWAYS_EMBED_SWIFT_STANDARD_LIBRARIES = YES;
				CODE_SIGN_STYLE = Automatic;
				COMBINE_HIDPI_IMAGES = YES;
				INFOPLIST_FILE = "Tests macOS/Info.plist";
				LD_RUNPATH_SEARCH_PATHS = (
					"$(inherited)",
					"@executable_path/../Frameworks",
					"@loader_path/../Frameworks",
				);
				MACOSX_DEPLOYMENT_TARGET = 11.3;
				PRODUCT_BUNDLE_IDENTIFIER = "comp.Guinther.Tests-macOS";
				PRODUCT_NAME = "$(TARGET_NAME)";
				SDKROOT = macosx;
				SWIFT_VERSION = 5.0;
				TEST_TARGET_NAME = "Bullseye (macOS)";
			};
			name = Release;
		};
/* End XCBuildConfiguration section */

/* Begin XCConfigurationList section */
		E3480F262677B30600078CEC /* Build configuration list for PBXProject "Bullseye" */ = {
			isa = XCConfigurationList;
			buildConfigurations = (
				E3480F572677B30900078CEC /* Debug */,
				E3480F582677B30900078CEC /* Release */,
			);
			defaultConfigurationIsVisible = 0;
			defaultConfigurationName = Release;
		};
		E3480F592677B30900078CEC /* Build configuration list for PBXNativeTarget "Bullseye (iOS)" */ = {
			isa = XCConfigurationList;
			buildConfigurations = (
				E3480F5A2677B30900078CEC /* Debug */,
				E3480F5B2677B30900078CEC /* Release */,
			);
			defaultConfigurationIsVisible = 0;
			defaultConfigurationName = Release;
		};
		E3480F5C2677B30900078CEC /* Build configuration list for PBXNativeTarget "Bullseye (macOS)" */ = {
			isa = XCConfigurationList;
			buildConfigurations = (
				E3480F5D2677B30900078CEC /* Debug */,
				E3480F5E2677B30900078CEC /* Release */,
			);
			defaultConfigurationIsVisible = 0;
			defaultConfigurationName = Release;
		};
		E3480F5F2677B30900078CEC /* Build configuration list for PBXNativeTarget "Tests iOS" */ = {
			isa = XCConfigurationList;
			buildConfigurations = (
				E3480F602677B30900078CEC /* Debug */,
				E3480F612677B30900078CEC /* Release */,
			);
			defaultConfigurationIsVisible = 0;
			defaultConfigurationName = Release;
		};
		E3480F622677B30900078CEC /* Build configuration list for PBXNativeTarget "Tests macOS" */ = {
			isa = XCConfigurationList;
			buildConfigurations = (
				E3480F632677B30900078CEC /* Debug */,
				E3480F642677B30900078CEC /* Release */,
			);
			defaultConfigurationIsVisible = 0;
			defaultConfigurationName = Release;
		};
/* End XCConfigurationList section */
	};
	rootObject = E3480F232677B30600078CEC /* Project object */;
}
